PODS:
  - Firebase/CoreOnly (8.9.0):
    - FirebaseCore (= 8.9.0)
  - firebase_core (1.10.2):
    - Firebase/CoreOnly (= 8.9.0)
    - Flutter
  - FirebaseCore (8.9.0):
    - FirebaseCoreDiagnostics (~> 8.0)
    - GoogleUtilities/Environment (~> 7.6)
    - GoogleUtilities/Logger (~> 7.6)
  - FirebaseCoreDiagnostics (8.9.0):
    - GoogleDataTransport (~> 9.1)
    - GoogleUtilities/Environment (~> 7.6)
    - GoogleUtilities/Logger (~> 7.6)
    - nanopb (~> 2.30908.0)
  - FirebaseFirestore (8.9.0):
    - FirebaseFirestore/AutodetectLeveldb (= 8.9.0)
  - FirebaseFirestore/AutodetectLeveldb (8.9.0):
    - FirebaseFirestore/Base
    - FirebaseFirestore/WithLeveldb
  - FirebaseFirestore/Base (8.9.0)
  - FirebaseFirestore/WithLeveldb (8.9.0):
    - FirebaseFirestore/Base
  - Flutter (1.0.0)
  - GoogleDataTransport (9.1.2):
    - GoogleUtilities/Environment (~> 7.2)
    - nanopb (~> 2.30908.0)
    - PromisesObjC (< 3.0, >= 1.2)
  - GoogleUtilities/Environment (7.6.0):
    - PromisesObjC (< 3.0, >= 1.2)
  - GoogleUtilities/Logger (7.6.0):
    - GoogleUtilities/Environment
  - nanopb (2.30908.0):
    - nanopb/decode (= 2.30908.0)
    - nanopb/encode (= 2.30908.0)
  - nanopb/decode (2.30908.0)
  - nanopb/encode (2.30908.0)
  - Plaid (2.2.0)
  - plaid_flutter (0.0.1):
    - Flutter
    - Plaid (= 2.2.0)
  - PromisesObjC (2.0.0)

DEPENDENCIES:
  - firebase_core (from `.symlinks/plugins/firebase_core/ios`)
  - FirebaseFirestore (from `https://github.com/invertase/firestore-ios-sdk-frameworks.git`, tag `8.9.0`)
  - Flutter (from `Flutter`)
  - plaid_flutter (from `.symlinks/plugins/plaid_flutter/ios`)

SPEC REPOS:
  trunk:
    - Firebase
    - FirebaseCore
    - FirebaseCoreDiagnostics
    - GoogleDataTransport
    - GoogleUtilities
    - nanopb
    - Plaid
    - PromisesObjC

EXTERNAL SOURCES:
  firebase_core:
    :path: ".symlinks/plugins/firebase_core/ios"
  FirebaseFirestore:
    :git: https://github.com/invertase/firestore-ios-sdk-frameworks.git
    :tag: 8.9.0
  Flutter:
    :path: Flutter
  plaid_flutter:
    :path: ".symlinks/plugins/plaid_flutter/ios"

CHECKOUT OPTIONS:
  FirebaseFirestore:
    :git: https://github.com/invertase/firestore-ios-sdk-frameworks.git
    :tag: 8.9.0

SPEC CHECKSUMS:
  Firebase: 13d8d96499e2635428d5bf0ec675df21f95d9a95
  firebase_core: 6d1a5e12a83b6d9419ecb8f2a53d876e7b4695da
  FirebaseCore: 599ee609343eaf4941bd188f85e3aa077ffe325b
  FirebaseCoreDiagnostics: 5daa63f1c1409d981a2d5007daa100b36eac6a34
  FirebaseFirestore: 7c22bff6c0e1f222920cd110e9da13a117b61fea
  Flutter: 50d75fe2f02b26cc09d224853bb45737f8b3214a
  GoogleDataTransport: 629c20a4d363167143f30ea78320d5a7eb8bd940
  GoogleUtilities: 684ee790a24f73ebb2d1d966e9711c203f2a4237
  nanopb: a0ba3315591a9ae0a16a309ee504766e90db0c96
  Plaid: 3485574bd01075562d969a2d9384cde1ed7d9252
  plaid_flutter: f5a667f9fb57844e8c74c62b06270155c0b470e1
  PromisesObjC: 68159ce6952d93e17b2dfe273b8c40907db5ba58

PODFILE CHECKSUM: ee3f50d8399c978283101f15507e3263e6a0eb8d

COCOAPODS: 1.11.2
